<?xml version="1.0" encoding="utf-8"?>
<Project ToolsVersion="4.0" xmlns="http://schemas.microsoft.com/developer/msbuild/2003">
  <ItemGroup>
    <Filter Include="资源文件">
      <UniqueIdentifier>{67DA6AB6-F800-4c08-8B7A-83BB121AAD01}</UniqueIdentifier>
      <Extensions>rc;ico;cur;bmp;dlg;rc2;rct;bin;rgs;gif;jpg;jpeg;jpe;resx;tiff;tif;png;wav;mfcribbon-ms</Extensions>
    </Filter>
    <Filter Include="geometry">
      <UniqueIdentifier>{93995380-89BD-4b04-88EB-625FBE52EBFB}</UniqueIdentifier>
      <Extensions>h;hh;hpp;hxx;h++;hm;inl;inc;ipp;xsd</Extensions>
    </Filter>
    <Filter Include="simulation">
      <UniqueIdentifier>{4FC737F1-C7A5-4376-A066-2A32D752A2FF}</UniqueIdentifier>
      <Extensions>cpp;c;cc;cxx;c++;cppm;ixx;def;odl;idl;hpj;bat;asm;asmx</Extensions>
    </Filter>
    <Filter Include="render">
      <UniqueIdentifier>{6bcdcc84-b702-4687-b9c4-06bfdcda0cfe}</UniqueIdentifier>
    </Filter>
    <Filter Include="demo">
      <UniqueIdentifier>{1f5a74f2-d616-468c-8b77-40b8a48760aa}</UniqueIdentifier>
    </Filter>
  </ItemGroup>
  <ItemGroup>
    <ClInclude Include="geometry\bounding_box.h">
      <Filter>geometry</Filter>
    </ClInclude>
    <ClInclude Include="geometry\bounding_box3.h">
      <Filter>geometry</Filter>
    </ClInclude>
    <ClInclude Include="geometry\box3.h">
      <Filter>geometry</Filter>
    </ClInclude>
    <ClInclude Include="geometry\bvh3.h">
      <Filter>geometry</Filter>
    </ClInclude>
    <ClInclude Include="geometry\cylinder3.h">
      <Filter>geometry</Filter>
    </ClInclude>
    <ClInclude Include="geometry\implicit_surface_set3.h">
      <Filter>geometry</Filter>
    </ClInclude>
    <ClInclude Include="geometry\implicit_surface3.h">
      <Filter>geometry</Filter>
    </ClInclude>
    <ClInclude Include="geometry\intersection_query_engine3.h">
      <Filter>geometry</Filter>
    </ClInclude>
    <ClInclude Include="geometry\level_set_utils.h">
      <Filter>geometry</Filter>
    </ClInclude>
    <ClInclude Include="geometry\nearest_neighbor_query_engine3.h">
      <Filter>geometry</Filter>
    </ClInclude>
    <ClInclude Include="geometry\plane3.h">
      <Filter>geometry</Filter>
    </ClInclude>
    <ClInclude Include="geometry\ray.h">
      <Filter>geometry</Filter>
    </ClInclude>
    <ClInclude Include="geometry\ray3.h">
      <Filter>geometry</Filter>
    </ClInclude>
    <ClInclude Include="geometry\surface_to_implicit3.h">
      <Filter>geometry</Filter>
    </ClInclude>
    <ClInclude Include="geometry\surface3.h">
      <Filter>geometry</Filter>
    </ClInclude>
    <ClInclude Include="geometry\transform3.h">
      <Filter>geometry</Filter>
    </ClInclude>
    <ClInclude Include="simulation\animation.h">
      <Filter>simulation</Filter>
    </ClInclude>
    <ClInclude Include="simulation\bcc_lattice_point_generator.h">
      <Filter>simulation</Filter>
    </ClInclude>
    <ClInclude Include="simulation\collider3.h">
      <Filter>simulation</Filter>
    </ClInclude>
    <ClInclude Include="simulation\constant_vector_field3.h">
      <Filter>simulation</Filter>
    </ClInclude>
    <ClInclude Include="simulation\field3.h">
      <Filter>simulation</Filter>
    </ClInclude>
    <ClInclude Include="simulation\particle_emitter3.h">
      <Filter>simulation</Filter>
    </ClInclude>
    <ClInclude Include="simulation\particle_system_data3.h">
      <Filter>simulation</Filter>
    </ClInclude>
    <ClInclude Include="simulation\particle_system_solver3.h">
      <Filter>simulation</Filter>
    </ClInclude>
    <ClInclude Include="simulation\pcisph_solver3.h">
      <Filter>simulation</Filter>
    </ClInclude>
    <ClInclude Include="simulation\physics_animation.h">
      <Filter>simulation</Filter>
    </ClInclude>
    <ClInclude Include="simulation\point_generator3.h">
      <Filter>simulation</Filter>
    </ClInclude>
    <ClInclude Include="simulation\point_hash_grid_searcher3.h">
      <Filter>simulation</Filter>
    </ClInclude>
    <ClInclude Include="simulation\point_neighbor_searcher3.h">
      <Filter>simulation</Filter>
    </ClInclude>
    <ClInclude Include="simulation\rigid_body_collider3.h">
      <Filter>simulation</Filter>
    </ClInclude>
    <ClInclude Include="simulation\sph_kernels3.h">
      <Filter>simulation</Filter>
    </ClInclude>
    <ClInclude Include="simulation\sph_solver3.h">
      <Filter>simulation</Filter>
    </ClInclude>
    <ClInclude Include="simulation\sph_system_data3.h">
      <Filter>simulation</Filter>
    </ClInclude>
    <ClInclude Include="simulation\vector_field3.h">
      <Filter>simulation</Filter>
    </ClInclude>
    <ClInclude Include="simulation\volume_particle_emitter3.h">
      <Filter>simulation</Filter>
    </ClInclude>
    <ClInclude Include="common_utils.h">
      <Filter>geometry</Filter>
    </ClInclude>
    <ClInclude Include="constants.h">
      <Filter>geometry</Filter>
    </ClInclude>
    <ClInclude Include="sph_demo.h">
      <Filter>demo</Filter>
    </ClInclude>
    <ClInclude Include="geometry\sphere_mesh.h">
      <Filter>geometry</Filter>
    </ClInclude>
    <ClInclude Include="render\camera.h">
      <Filter>render</Filter>
    </ClInclude>
    <ClInclude Include="render\shader.h">
      <Filter>render</Filter>
    </ClInclude>
    <ClInclude Include="geometry\cylinder_mesh.h">
      <Filter>geometry</Filter>
    </ClInclude>
  </ItemGroup>
  <ItemGroup>
    <ClCompile Include="geometry\box3.cpp">
      <Filter>geometry</Filter>
    </ClCompile>
    <ClCompile Include="geometry\cylinder3.cpp">
      <Filter>geometry</Filter>
    </ClCompile>
    <ClCompile Include="geometry\implicit_surface_set3.cpp">
      <Filter>geometry</Filter>
    </ClCompile>
    <ClCompile Include="geometry\implicit_surface3.cpp">
      <Filter>geometry</Filter>
    </ClCompile>
    <ClCompile Include="geometry\plane3.cpp">
      <Filter>geometry</Filter>
    </ClCompile>
    <ClCompile Include="geometry\surface_to_implicit3.cpp">
      <Filter>geometry</Filter>
    </ClCompile>
    <ClCompile Include="geometry\surface3.cpp">
      <Filter>geometry</Filter>
    </ClCompile>
    <ClCompile Include="simulation\animation.cpp">
      <Filter>simulation</Filter>
    </ClCompile>
    <ClCompile Include="simulation\bcc_lattice_point_generator.cpp">
      <Filter>simulation</Filter>
    </ClCompile>
    <ClCompile Include="simulation\collider3.cpp">
      <Filter>simulation</Filter>
    </ClCompile>
    <ClCompile Include="simulation\constant_vector_field3.cpp">
      <Filter>simulation</Filter>
    </ClCompile>
    <ClCompile Include="simulation\field3.cpp">
      <Filter>simulation</Filter>
    </ClCompile>
    <ClCompile Include="simulation\particle_emitter3.cpp">
      <Filter>simulation</Filter>
    </ClCompile>
    <ClCompile Include="simulation\particle_system_data3.cpp">
      <Filter>simulation</Filter>
    </ClCompile>
    <ClCompile Include="simulation\particle_system_solver3.cpp">
      <Filter>simulation</Filter>
    </ClCompile>
    <ClCompile Include="simulation\pcisph_solver3.cpp">
      <Filter>simulation</Filter>
    </ClCompile>
    <ClCompile Include="simulation\physics_animation.cpp">
      <Filter>simulation</Filter>
    </ClCompile>
    <ClCompile Include="simulation\point_generator3.cpp">
      <Filter>simulation</Filter>
    </ClCompile>
    <ClCompile Include="simulation\point_hash_grid_searcher3.cpp">
      <Filter>simulation</Filter>
    </ClCompile>
    <ClCompile Include="simulation\point_neighbor_searcher3.cpp">
      <Filter>simulation</Filter>
    </ClCompile>
    <ClCompile Include="simulation\rigid_body_collider3.cpp">
      <Filter>simulation</Filter>
    </ClCompile>
    <ClCompile Include="simulation\sph_kernels3.cpp">
      <Filter>simulation</Filter>
    </ClCompile>
    <ClCompile Include="simulation\sph_solver3.cpp">
      <Filter>simulation</Filter>
    </ClCompile>
    <ClCompile Include="simulation\sph_system_data3.cpp">
      <Filter>simulation</Filter>
    </ClCompile>
    <ClCompile Include="simulation\vector_field3.cpp">
      <Filter>simulation</Filter>
    </ClCompile>
    <ClCompile Include="simulation\volume_particle_emitter3.cpp">
      <Filter>simulation</Filter>
    </ClCompile>
    <ClCompile Include="sph_demo.cpp">
      <Filter>demo</Filter>
    </ClCompile>
    <ClCompile Include="..\..\..\opengl\src\glad.c">
      <Filter>render</Filter>
    </ClCompile>
    <ClCompile Include="camera.cpp">
      <Filter>render</Filter>
    </ClCompile>
    <ClCompile Include="main.cpp">
      <Filter>demo</Filter>
    </ClCompile>
  </ItemGroup>
</Project>